// !$*UTF8*$!
{
	archiveVersion = 1;
	classes = {
	};
	objectVersion = 46;
	objects = {

/* Begin PBXBuildFile section */
		F3BF32611ABC541D00FEC3D2 /* main.m in Sources */ = {isa = PBXBuildFile; fileRef = F3BF32601ABC541D00FEC3D2 /* main.m */; };
		F3BF32641ABC541D00FEC3D2 /* AppDelegate.m in Sources */ = {isa = PBXBuildFile; fileRef = F3BF32631ABC541D00FEC3D2 /* AppDelegate.m */; };
		F3BF32671ABC541D00FEC3D2 /* ViewController.m in Sources */ = {isa = PBXBuildFile; fileRef = F3BF32661ABC541D00FEC3D2 /* ViewController.m */; };
		F3BF326A1ABC541D00FEC3D2 /* Main.storyboard in Resources */ = {isa = PBXBuildFile; fileRef = F3BF32681ABC541D00FEC3D2 /* Main.storyboard */; };
		F3BF326C1ABC541D00FEC3D2 /* Images.xcassets in Resources */ = {isa = PBXBuildFile; fileRef = F3BF326B1ABC541D00FEC3D2 /* Images.xcassets */; };
		F3BF326F1ABC541D00FEC3D2 /* LaunchScreen.xib in Resources */ = {isa = PBXBuildFile; fileRef = F3BF326D1ABC541D00FEC3D2 /* LaunchScreen.xib */; };
		F3BF327B1ABC541D00FEC3D2 /* AssessmentTwoTests.m in Sources */ = {isa = PBXBuildFile; fileRef = F3BF327A1ABC541D00FEC3D2 /* AssessmentTwoTests.m */; };
/* End PBXBuildFile section */

/* Begin PBXContainerItemProxy section */
		F3BF32751ABC541D00FEC3D2 /* PBXContainerItemProxy */ = {
			isa = PBXContainerItemProxy;
			containerPortal = F3BF32531ABC541D00FEC3D2 /* Project object */;
			proxyType = 1;
			remoteGlobalIDString = F3BF325A1ABC541D00FEC3D2;
			remoteInfo = AssessmentTwo;
		};
/* End PBXContainerItemProxy section */

/* Begin PBXFileReference section */
		F3BF325B1ABC541D00FEC3D2 /* AssessmentTwo.app */ = {isa = PBXFileReference; explicitFileType = wrapper.application; includeInIndex = 0; path = AssessmentTwo.app; sourceTree = BUILT_PRODUCTS_DIR; };
		F3BF325F1ABC541D00FEC3D2 /* Info.plist */ = {isa = PBXFileReference; lastKnownFileType = text.plist.xml; path = Info.plist; sourceTree = "<group>"; };
		F3BF32601ABC541D00FEC3D2 /* main.m */ = {isa = PBXFileReference; lastKnownFileType = sourcecode.c.objc; path = main.m; sourceTree = "<group>"; };
		F3BF32621ABC541D00FEC3D2 /* AppDelegate.h */ = {isa = PBXFileReference; lastKnownFileType = sourcecode.c.h; path = AppDelegate.h; sourceTree = "<group>"; };
		F3BF32631ABC541D00FEC3D2 /* AppDelegate.m */ = {isa = PBXFileReference; lastKnownFileType = sourcecode.c.objc; path = AppDelegate.m; sourceTree = "<group>"; };
		F3BF32651ABC541D00FEC3D2 /* ViewController.h */ = {isa = PBXFileReference; lastKnownFileType = sourcecode.c.h; path = ViewController.h; sourceTree = "<group>"; };
		F3BF32661ABC541D00FEC3D2 /* ViewController.m */ = {isa = PBXFileReference; lastKnownFileType = sourcecode.c.objc; path = ViewController.m; sourceTree = "<group>"; };
		F3BF32691ABC541D00FEC3D2 /* Base */ = {isa = PBXFileReference; lastKnownFileType = file.storyboard; name = Base; path = Base.lproj/Main.storyboard; sourceTree = "<group>"; };
		F3BF326B1ABC541D00FEC3D2 /* Images.xcassets */ = {isa = PBXFileReference; lastKnownFileType = folder.assetcatalog; path = Images.xcassets; sourceTree = "<group>"; };
		F3BF326E1ABC541D00FEC3D2 /* Base */ = {isa = PBXFileReference; lastKnownFileType = file.xib; name = Base; path = Base.lproj/LaunchScreen.xib; sourceTree = "<group>"; };
		F3BF32741ABC541D00FEC3D2 /* AssessmentTwoTests.xctest */ = {isa = PBXFileReference; explicitFileType = wrapper.cfbundle; includeInIndex = 0; path = AssessmentTwoTests.xctest; sourceTree = BUILT_PRODUCTS_DIR; };
		F3BF32791ABC541D00FEC3D2 /* Info.plist */ = {isa = PBXFileReference; lastKnownFileType = text.plist.xml; path = Info.plist; sourceTree = "<group>"; };
		F3BF327A1ABC541D00FEC3D2 /* AssessmentTwoTests.m */ = {isa = PBXFileReference; lastKnownFileType = sourcecode.c.objc; path = AssessmentTwoTests.m; sourceTree = "<group>"; };
/* End PBXFileReference section */

/* Begin PBXFrameworksBuildPhase section */
		F3BF32581ABC541D00FEC3D2 /* Frameworks */ = {
			isa = PBXFrameworksBuildPhase;
			buildActionMask = 2147483647;
			files = (
			);
			runOnlyForDeploymentPostprocessing = 0;
		};
		F3BF32711ABC541D00FEC3D2 /* Frameworks */ = {
			isa = PBXFrameworksBuildPhase;
			buildActionMask = 2147483647;
			files = (
			);
			runOnlyForDeploymentPostprocessing = 0;
		};
/* End PBXFrameworksBuildPhase section */

/* Begin PBXGroup section */
		F3BF32521ABC541D00FEC3D2 = {
			isa = PBXGroup;
			children = (
				F3BF325D1ABC541D00FEC3D2 /* AssessmentTwo */,
				F3BF32771ABC541D00FEC3D2 /* AssessmentTwoTests */,
				F3BF325C1ABC541D00FEC3D2 /* Products */,
			);
			sourceTree = "<group>";
		};
		F3BF325C1ABC541D00FEC3D2 /* Products */ = {
			isa = PBXGroup;
			children = (
				F3BF325B1ABC541D00FEC3D2 /* AssessmentTwo.app */,
				F3BF32741ABC541D00FEC3D2 /* AssessmentTwoTests.xctest */,
			);
			name = Products;
			sourceTree = "<group>";
		};
		F3BF325D1ABC541D00FEC3D2 /* AssessmentTwo */ = {
			isa = PBXGroup;
			children = (
				F3BF32621ABC541D00FEC3D2 /* AppDelegate.h */,
				F3BF32631ABC541D00FEC3D2 /* AppDelegate.m */,
				F3BF32651ABC541D00FEC3D2 /* ViewController.h */,
				F3BF32661ABC541D00FEC3D2 /* ViewController.m */,
				F3BF32681ABC541D00FEC3D2 /* Main.storyboard */,
				F3BF326B1ABC541D00FEC3D2 /* Images.xcassets */,
				F3BF326D1ABC541D00FEC3D2 /* LaunchScreen.xib */,
				F3BF325E1ABC541D00FEC3D2 /* Supporting Files */,
			);
			path = AssessmentTwo;
			sourceTree = "<group>";
		};
		F3BF325E1ABC541D00FEC3D2 /* Supporting Files */ = {
			isa = PBXGroup;
			children = (
				F3BF325F1ABC541D00FEC3D2 /* Info.plist */,
				F3BF32601ABC541D00FEC3D2 /* main.m */,
			);
			name = "Supporting Files";
			sourceTree = "<group>";
		};
		F3BF32771ABC541D00FEC3D2 /* AssessmentTwoTests */ = {
			isa = PBXGroup;
			children = (
				F3BF327A1ABC541D00FEC3D2 /* AssessmentTwoTests.m */,
				F3BF32781ABC541D00FEC3D2 /* Supporting Files */,
			);
			path = AssessmentTwoTests;
			sourceTree = "<group>";
		};
		F3BF32781ABC541D00FEC3D2 /* Supporting Files */ = {
			isa = PBXGroup;
			children = (
				F3BF32791ABC541D00FEC3D2 /* Info.plist */,
			);
			name = "Supporting Files";
			sourceTree = "<group>";
		};
/* End PBXGroup section */

/* Begin PBXNativeTarget section */
		F3BF325A1ABC541D00FEC3D2 /* AssessmentTwo */ = {
			isa = PBXNativeTarget;
			buildConfigurationList = F3BF327E1ABC541D00FEC3D2 /* Build configuration list for PBXNativeTarget "AssessmentTwo" */;
			buildPhases = (
				F3BF32571ABC541D00FEC3D2 /* Sources */,
				F3BF32581ABC541D00FEC3D2 /* Frameworks */,
				F3BF32591ABC541D00FEC3D2 /* Resources */,
			);
			buildRules = (
			);
			dependencies = (
			);
			name = AssessmentTwo;
			productName = AssessmentTwo;
			productReference = F3BF325B1ABC541D00FEC3D2 /* AssessmentTwo.app */;
			productType = "com.apple.product-type.application";
		};
		F3BF32731ABC541D00FEC3D2 /* AssessmentTwoTests */ = {
			isa = PBXNativeTarget;
			buildConfigurationList = F3BF32811ABC541D00FEC3D2 /* Build configuration list for PBXNativeTarget "AssessmentTwoTests" */;
			buildPhases = (
				F3BF32701ABC541D00FEC3D2 /* Sources */,
				F3BF32711ABC541D00FEC3D2 /* Frameworks */,
				F3BF32721ABC541D00FEC3D2 /* Resources */,
			);
			buildRules = (
			);
			dependencies = (
				F3BF32761ABC541D00FEC3D2 /* PBXTargetDependency */,
			);
			name = AssessmentTwoTests;
			productName = AssessmentTwoTests;
			productReference = F3BF32741ABC541D00FEC3D2 /* AssessmentTwoTests.xctest */;
			productType = "com.apple.product-type.bundle.unit-test";
		};
/* End PBXNativeTarget section */

/* Begin PBXProject section */
		F3BF32531ABC541D00FEC3D2 /* Project object */ = {
			isa = PBXProject;
			attributes = {
				LastUpgradeCheck = 0620;
				ORGANIZATIONNAME = MobileMakers;
				TargetAttributes = {
					F3BF325A1ABC541D00FEC3D2 = {
						CreatedOnToolsVersion = 6.2;
					};
					F3BF32731ABC541D00FEC3D2 = {
						CreatedOnToolsVersion = 6.2;
						TestTargetID = F3BF325A1ABC541D00FEC3D2;
					};
				};
			};
			buildConfigurationList = F3BF32561ABC541D00FEC3D2 /* Build configuration list for PBXProject "AssessmentTwo" */;
			compatibilityVersion = "Xcode 3.2";
			developmentRegion = English;
			hasScannedForEncodings = 0;
			knownRegions = (
				en,
				Base,
			);
			mainGroup = F3BF32521ABC541D00FEC3D2;
			productRefGroup = F3BF325C1ABC541D00FEC3D2 /* Products */;
			projectDirPath = "";
			projectRoot = "";
			targets = (
				F3BF325A1ABC541D00FEC3D2 /* AssessmentTwo */,
				F3BF32731ABC541D00FEC3D2 /* AssessmentTwoTests */,
			);
		};
/* End PBXProject section */

/* Begin PBXResourcesBuildPhase section */
		F3BF32591ABC541D00FEC3D2 /* Resources */ = {
			isa = PBXResourcesBuildPhase;
			buildActionMask = 2147483647;
			files = (
				F3BF326A1ABC541D00FEC3D2 /* Main.storyboard in Resources */,
				F3BF326F1ABC541D00FEC3D2 /* LaunchScreen.xib in Resources */,
				F3BF326C1ABC541D00FEC3D2 /* Images.xcassets in Resources */,
			);
			runOnlyForDeploymentPostprocessing = 0;
		};
		F3BF32721ABC541D00FEC3D2 /* Resources */ = {
			isa = PBXResourcesBuildPhase;
			buildActionMask = 2147483647;
			files = (
			);
			runOnlyForDeploymentPostprocessing = 0;
		};
/* End PBXResourcesBuildPhase section */

/* Begin PBXSourcesBuildPhase section */
		F3BF32571ABC541D00FEC3D2 /* Sources */ = {
			isa = PBXSourcesBuildPhase;
			buildActionMask = 2147483647;
			files = (
				F3BF32671ABC541D00FEC3D2 /* ViewController.m in Sources */,
				F3BF32641ABC541D00FEC3D2 /* AppDelegate.m in Sources */,
				F3BF32611ABC541D00FEC3D2 /* main.m in Sources */,
			);
			runOnlyForDeploymentPostprocessing = 0;
		};
		F3BF32701ABC541D00FEC3D2 /* Sources */ = {
			isa = PBXSourcesBuildPhase;
			buildActionMask = 2147483647;
			files = (
				F3BF327B1ABC541D00FEC3D2 /* AssessmentTwoTests.m in Sources */,
			);
			runOnlyForDeploymentPostprocessing = 0;
		};
/* End PBXSourcesBuildPhase section */

/* Begin PBXTargetDependency section */
		F3BF32761ABC541D00FEC3D2 /* PBXTargetDependency */ = {
			isa = PBXTargetDependency;
			target = F3BF325A1ABC541D00FEC3D2 /* AssessmentTwo */;
			targetProxy = F3BF32751ABC541D00FEC3D2 /* PBXContainerItemProxy */;
		};
/* End PBXTargetDependency section */

/* Begin PBXVariantGroup section */
		F3BF32681ABC541D00FEC3D2 /* Main.storyboard */ = {
			isa = PBXVariantGroup;
			children = (
				F3BF32691ABC541D00FEC3D2 /* Base */,
			);
			name = Main.storyboard;
			sourceTree = "<group>";
		};
		F3BF326D1ABC541D00FEC3D2 /* LaunchScreen.xib */ = {
			isa = PBXVariantGroup;
			children = (
				F3BF326E1ABC541D00FEC3D2 /* Base */,
			);
			name = LaunchScreen.xib;
			sourceTree = "<group>";
		};
/* End PBXVariantGroup section */

/* Begin XCBuildConfiguration section */
		F3BF327C1ABC541D00FEC3D2 /* Debug */ = {
			isa = XCBuildConfiguration;
			buildSettings = {
				ALWAYS_SEARCH_USER_PATHS = NO;
				CLANG_CXX_LANGUAGE_STANDARD = "gnu++0x";
				CLANG_CXX_LIBRARY = "libc++";
				CLANG_ENABLE_MODULES = YES;
				CLANG_ENABLE_OBJC_ARC = YES;
				CLANG_WARN_BOOL_CONVERSION = YES;
				CLANG_WARN_CONSTANT_CONVERSION = YES;
				CLANG_WARN_DIRECT_OBJC_ISA_USAGE = YES_ERROR;
				CLANG_WARN_EMPTY_BODY = YES;
				CLANG_WARN_ENUM_CONVERSION = YES;
				CLANG_WARN_INT_CONVERSION = YES;
				CLANG_WARN_OBJC_ROOT_CLASS = YES_ERROR;
				CLANG_WARN_UNREACHABLE_CODE = YES;
				CLANG_WARN__DUPLICATE_METHOD_MATCH = YES;
				"CODE_SIGN_IDENTITY[sdk=iphoneos*]" = "iPhone Developer";
				COPY_PHASE_STRIP = NO;
				ENABLE_STRICT_OBJC_MSGSEND = YES;
				GCC_C_LANGUAGE_STANDARD = gnu99;
				GCC_DYNAMIC_NO_PIC = NO;
				GCC_OPTIMIZATION_LEVEL = 0;
				GCC_PREPROCESSOR_DEFINITIONS = (
					"DEBUG=1",
					"$(inherited)",
				);
				GCC_SYMBOLS_PRIVATE_EXTERN = NO;
				GCC_WARN_64_TO_32_BIT_CONVERSION = YES;
				GCC_WARN_ABOUT_RETURN_TYPE = YES_ERROR;
				GCC_WARN_UNDECLARED_SELECTOR = YES;
				GCC_WARN_UNINITIALIZED_AUTOS = YES_AGGRESSIVE;
				GCC_WARN_UNUSED_FUNCTION = YES;
				GCC_WARN_UNUSED_VARIABLE = YES;
				IPHONEOS_DEPLOYMENT_TARGET = 8.2;
				MTL_ENABLE_DEBUG_INFO = YES;
				ONLY_ACTIVE_ARCH = YES;
				SDKROOT = iphoneos;
			};
			name = Debug;
		};
		F3BF327D1ABC541D00FEC3D2 /* Release */ = {
			isa = XCBuildConfiguration;
			buildSettings = {
				ALWAYS_SEARCH_USER_PATHS = NO;
				CLANG_CXX_LANGUAGE_STANDARD = "gnu++0x";
				CLANG_CXX_LIBRARY = "libc++";
				CLANG_ENABLE_MODULES = YES;
				CLANG_ENABLE_OBJC_ARC = YES;
				CLANG_WARN_BOOL_CONVERSION = YES;
				CLANG_WARN_CONSTANT_CONVERSION = YES;
				CLANG_WARN_DIRECT_OBJC_ISA_USAGE = YES_ERROR;
				CLANG_WARN_EMPTY_BODY = YES;
				CLANG_WARN_ENUM_CONVERSION = YES;
				CLANG_WARN_INT_CONVERSION = YES;
				CLANG_WARN_OBJC_ROOT_CLASS = YES_ERROR;
				CLANG_WARN_UNREACHABLE_CODE = YES;
				CLANG_WARN__DUPLICATE_METHOD_MATCH = YES;
				"CODE_SIGN_IDENTITY[sdk=iphoneos*]" = "iPhone Developer";
				COPY_PHASE_STRIP = NO;
				ENABLE_NS_ASSERTIONS = NO;
				ENABLE_STRICT_OBJC_MSGSEND = YES;
				GCC_C_LANGUAGE_STANDARD = gnu99;
				GCC_WARN_64_TO_32_BIT_CONVERSION = YES;
				GCC_WARN_ABOUT_RETURN_TYPE = YES_ERROR;
				GCC_WARN_UNDECLARED_SELECTOR = YES;
				GCC_WARN_UNINITIALIZED_AUTOS = YES_AGGRESSIVE;
				GCC_WARN_UNUSED_FUNCTION = YES;
				GCC_WARN_UNUSED_VARIABLE = YES;
				IPHONEOS_DEPLOYMENT_TARGET = 8.2;
				MTL_ENABLE_DEBUG_INFO = NO;
				SDKROOT = iphoneos;
				VALIDATE_PRODUCT = YES;
			};
			name = Release;
		};
		F3BF327F1ABC541D00FEC3D2 /* Debug */ = {
			isa = XCBuildConfiguration;
			buildSettings = {
				ASSETCATALOG_COMPILER_APPICON_NAME = AppIcon;
				INFOPLIST_FILE = AssessmentTwo/Info.plist;
				LD_RUNPATH_SEARCH_PATHS = "$(inherited) @executable_path/Frameworks";
				PRODUCT_NAME = "$(TARGET_NAME)";
			};
			name = Debug;
		};
		F3BF32801ABC541D00FEC3D2 /* Release */ = {
			isa = XCBuildConfiguration;
			buildSettings = {
				ASSETCATALOG_COMPILER_APPICON_NAME = AppIcon;
				INFOPLIST_FILE = AssessmentTwo/Info.plist;
				LD_RUNPATH_SEARCH_PATHS = "$(inherited) @executable_path/Frameworks";
				PRODUCT_NAME = "$(TARGET_NAME)";
			};
			name = Release;
		};
		F3BF32821ABC541D00FEC3D2 /* Debug */ = {
			isa = XCBuildConfiguration;
			buildSettings = {
				BUNDLE_LOADER = "$(TEST_HOST)";
				FRAMEWORK_SEARCH_PATHS = (
					"$(SDKROOT)/Developer/Library/Frameworks",
					"$(inherited)",
				);
				GCC_PREPROCESSOR_DEFINITIONS = (
					"DEBUG=1",
					"$(inherited)",
				);
				INFOPLIST_FILE = AssessmentTwoTests/Info.plist;
				LD_RUNPATH_SEARCH_PATHS = "$(inherited) @executable_path/Frameworks @loader_path/Frameworks";
				PRODUCT_NAME = "$(TARGET_NAME)";
				TEST_HOST = "$(BUILT_PRODUCTS_DIR)/AssessmentTwo.app/AssessmentTwo";
			};
			name = Debug;
		};
		F3BF32831ABC541D00FEC3D2 /* Release */ = {
			isa = XCBuildConfiguration;
			buildSettings = {
				BUNDLE_LOADER = "$(TEST_HOST)";
				FRAMEWORK_SEARCH_PATHS = (
					"$(SDKROOT)/Developer/Library/Frameworks",
					"$(inherited)",
				);
				INFOPLIST_FILE = AssessmentTwoTests/Info.plist;
				LD_RUNPATH_SEARCH_PATHS = "$(inherited) @executable_path/Frameworks @loader_path/Frameworks";
				PRODUCT_NAME = "$(TARGET_NAME)";
				TEST_HOST = "$(BUILT_PRODUCTS_DIR)/AssessmentTwo.app/AssessmentTwo";
			};
			name = Release;
		};
/* End XCBuildConfiguration section */

/* Begin XCConfigurationList section */
		F3BF32561ABC541D00FEC3D2 /* Build configuration list for PBXProject "AssessmentTwo" */ = {
			isa = XCConfigurationList;
			buildConfigurations = (
				F3BF327C1ABC541D00FEC3D2 /* Debug */,
				F3BF327D1ABC541D00FEC3D2 /* Release */,
			);
			defaultConfigurationIsVisible = 0;
			defaultConfigurationName = Release;
		};
		F3BF327E1ABC541D00FEC3D2 /* Build configuration list for PBXNativeTarget "AssessmentTwo" */ = {
			isa = XCConfigurationList;
			buildConfigurations = (
				F3BF327F1ABC541D00FEC3D2 /* Debug */,
				F3BF32801ABC541D00FEC3D2 /* Release */,
			);
			defaultConfigurationIsVisible = 0;
		};
		F3BF32811ABC541D00FEC3D2 /* Build configuration list for PBXNativeTarget "AssessmentTwoTests" */ = {
			isa = XCConfigurationList;
			buildConfigurations = (
				F3BF32821ABC541D00FEC3D2 /* Debug */,
				F3BF32831ABC541D00FEC3D2 /* Release */,
			);
			defaultConfigurationIsVisible = 0;
		};
/* End XCConfigurationList section */
	};
	rootObject = F3BF32531ABC541D00FEC3D2 /* Project object */;
}
